
Microsoft Visual Studio Solution File, Format Version 12.00
# Visual Studio Version 16
VisualStudioVersion = 16.0.33801.447
MinimumVisualStudioVersion = 10.0.40219.1
Project("{FAE04EC0-301F-11D3-BF4B-00C04F79EFBC}") = "Lab_rab_BaimuratovA.I_БПИ-23-01", "Lab_rab_BaimuratovA.I_БПИ-23-01\Lab_rab_BaimuratovA.I_БПИ-23-01.csproj", "{0E93F31F-EF94-4345-BCFF-63C99436EC19}"
EndProject
Global
	GlobalSection(SolutionConfigurationPlatforms) = preSolution
		Debug|Any CPU = Debug|Any CPU
		Release|Any CPU = Release|Any CPU
	EndGlobalSection
	GlobalSection(ProjectConfigurationPlatforms) = postSolution
		{0E93F31F-EF94-4345-BCFF-63C99436EC19}.Debug|Any CPU.ActiveCfg = Debug|Any CPU
		{0E93F31F-EF94-4345-BCFF-63C99436EC19}.Debug|Any CPU.Build.0 = Debug|Any CPU
		{0E93F31F-EF94-4345-BCFF-63C99436EC19}.Release|Any CPU.ActiveCfg = Release|Any CPU
		{0E93F31F-EF94-4345-BCFF-63C99436EC19}.Release|Any CPU.Build.0 = Release|Any CPU
	EndGlobalSection
	GlobalSection(SolutionProperties) = preSolution
		HideSolutionNode = FALSE
	EndGlobalSection
	GlobalSection(ExtensibilityGlobals) = postSolution
		SolutionGuid = {62A0D5C1-5CBE-492B-9875-295D0A4A69EB}
	EndGlobalSection
EndGlobal
